// !$*UTF8*$!
{
	archiveVersion = 1;
	classes = {
	};
	objectVersion = 50;
	objects = {

/* Begin PBXBuildFile section */
		8310EC50263E9B54008846B6 /* AppDelegate.swift in Sources */ = {isa = PBXBuildFile; fileRef = 8310EC4F263E9B54008846B6 /* AppDelegate.swift */; };
		8310EC52263E9B54008846B6 /* SceneDelegate.swift in Sources */ = {isa = PBXBuildFile; fileRef = 8310EC51263E9B54008846B6 /* SceneDelegate.swift */; };
		8310EC54263E9B54008846B6 /* ViewController.swift in Sources */ = {isa = PBXBuildFile; fileRef = 8310EC53263E9B54008846B6 /* ViewController.swift */; };
		8310EC57263E9B54008846B6 /* Main.storyboard in Resources */ = {isa = PBXBuildFile; fileRef = 8310EC55263E9B54008846B6 /* Main.storyboard */; };
		8310EC59263E9B55008846B6 /* Assets.xcassets in Resources */ = {isa = PBXBuildFile; fileRef = 8310EC58263E9B55008846B6 /* Assets.xcassets */; };
		8310EC5C263E9B55008846B6 /* LaunchScreen.storyboard in Resources */ = {isa = PBXBuildFile; fileRef = 8310EC5A263E9B55008846B6 /* LaunchScreen.storyboard */; };
		8310EC67263E9B56008846B6 /* AutoLayOutstartTests.swift in Sources */ = {isa = PBXBuildFile; fileRef = 8310EC66263E9B56008846B6 /* AutoLayOutstartTests.swift */; };
		8310EC72263E9B56008846B6 /* AutoLayOutstartUITests.swift in Sources */ = {isa = PBXBuildFile; fileRef = 8310EC71263E9B56008846B6 /* AutoLayOutstartUITests.swift */; };
/* End PBXBuildFile section */

/* Begin PBXContainerItemProxy section */
		8310EC63263E9B56008846B6 /* PBXContainerItemProxy */ = {
			isa = PBXContainerItemProxy;
			containerPortal = 8310EC44263E9B54008846B6 /* Project object */;
			proxyType = 1;
			remoteGlobalIDString = 8310EC4B263E9B54008846B6;
			remoteInfo = AutoLayOutstart;
		};
		8310EC6E263E9B56008846B6 /* PBXContainerItemProxy */ = {
			isa = PBXContainerItemProxy;
			containerPortal = 8310EC44263E9B54008846B6 /* Project object */;
			proxyType = 1;
			remoteGlobalIDString = 8310EC4B263E9B54008846B6;
			remoteInfo = AutoLayOutstart;
		};
/* End PBXContainerItemProxy section */

/* Begin PBXFileReference section */
		8310EC4C263E9B54008846B6 /* AutoLayOutstart.app */ = {isa = PBXFileReference; explicitFileType = wrapper.application; includeInIndex = 0; path = AutoLayOutstart.app; sourceTree = BUILT_PRODUCTS_DIR; };
		8310EC4F263E9B54008846B6 /* AppDelegate.swift */ = {isa = PBXFileReference; lastKnownFileType = sourcecode.swift; path = AppDelegate.swift; sourceTree = "<group>"; };
		8310EC51263E9B54008846B6 /* SceneDelegate.swift */ = {isa = PBXFileReference; lastKnownFileType = sourcecode.swift; path = SceneDelegate.swift; sourceTree = "<group>"; };
		8310EC53263E9B54008846B6 /* ViewController.swift */ = {isa = PBXFileReference; lastKnownFileType = sourcecode.swift; path = ViewController.swift; sourceTree = "<group>"; };
		8310EC56263E9B54008846B6 /* Base */ = {isa = PBXFileReference; lastKnownFileType = file.storyboard; name = Base; path = Base.lproj/Main.storyboard; sourceTree = "<group>"; };
		8310EC58263E9B55008846B6 /* Assets.xcassets */ = {isa = PBXFileReference; lastKnownFileType = folder.assetcatalog; path = Assets.xcassets; sourceTree = "<group>"; };
		8310EC5B263E9B55008846B6 /* Base */ = {isa = PBXFileReference; lastKnownFileType = file.storyboard; name = Base; path = Base.lproj/LaunchScreen.storyboard; sourceTree = "<group>"; };
		8310EC5D263E9B55008846B6 /* Info.plist */ = {isa = PBXFileReference; lastKnownFileType = text.plist.xml; path = Info.plist; sourceTree = "<group>"; };
		8310EC62263E9B56008846B6 /* AutoLayOutstartTests.xctest */ = {isa = PBXFileReference; explicitFileType = wrapper.cfbundle; includeInIndex = 0; path = AutoLayOutstartTests.xctest; sourceTree = BUILT_PRODUCTS_DIR; };
		8310EC66263E9B56008846B6 /* AutoLayOutstartTests.swift */ = {isa = PBXFileReference; lastKnownFileType = sourcecode.swift; path = AutoLayOutstartTests.swift; sourceTree = "<group>"; };
		8310EC68263E9B56008846B6 /* Info.plist */ = {isa = PBXFileReference; lastKnownFileType = text.plist.xml; path = Info.plist; sourceTree = "<group>"; };
		8310EC6D263E9B56008846B6 /* AutoLayOutstartUITests.xctest */ = {isa = PBXFileReference; explicitFileType = wrapper.cfbundle; includeInIndex = 0; path = AutoLayOutstartUITests.xctest; sourceTree = BUILT_PRODUCTS_DIR; };
		8310EC71263E9B56008846B6 /* AutoLayOutstartUITests.swift */ = {isa = PBXFileReference; lastKnownFileType = sourcecode.swift; path = AutoLayOutstartUITests.swift; sourceTree = "<group>"; };
		8310EC73263E9B56008846B6 /* Info.plist */ = {isa = PBXFileReference; lastKnownFileType = text.plist.xml; path = Info.plist; sourceTree = "<group>"; };
/* End PBXFileReference section */

/* Begin PBXFrameworksBuildPhase section */
		8310EC49263E9B54008846B6 /* Frameworks */ = {
			isa = PBXFrameworksBuildPhase;
			buildActionMask = 2147483647;
			files = (
			);
			runOnlyForDeploymentPostprocessing = 0;
		};
		8310EC5F263E9B56008846B6 /* Frameworks */ = {
			isa = PBXFrameworksBuildPhase;
			buildActionMask = 2147483647;
			files = (
			);
			runOnlyForDeploymentPostprocessing = 0;
		};
		8310EC6A263E9B56008846B6 /* Frameworks */ = {
			isa = PBXFrameworksBuildPhase;
			buildActionMask = 2147483647;
			files = (
			);
			runOnlyForDeploymentPostprocessing = 0;
		};
/* End PBXFrameworksBuildPhase section */

/* Begin PBXGroup section */
		8310EC43263E9B54008846B6 = {
			isa = PBXGroup;
			children = (
				8310EC4E263E9B54008846B6 /* AutoLayOutstart */,
				8310EC65263E9B56008846B6 /* AutoLayOutstartTests */,
				8310EC70263E9B56008846B6 /* AutoLayOutstartUITests */,
				8310EC4D263E9B54008846B6 /* Products */,
			);
			sourceTree = "<group>";
		};
		8310EC4D263E9B54008846B6 /* Products */ = {
			isa = PBXGroup;
			children = (
				8310EC4C263E9B54008846B6 /* AutoLayOutstart.app */,
				8310EC62263E9B56008846B6 /* AutoLayOutstartTests.xctest */,
				8310EC6D263E9B56008846B6 /* AutoLayOutstartUITests.xctest */,
			);
			name = Products;
			sourceTree = "<group>";
		};
		8310EC4E263E9B54008846B6 /* AutoLayOutstart */ = {
			isa = PBXGroup;
			children = (
				8310EC4F263E9B54008846B6 /* AppDelegate.swift */,
				8310EC51263E9B54008846B6 /* SceneDelegate.swift */,
				8310EC53263E9B54008846B6 /* ViewController.swift */,
				8310EC55263E9B54008846B6 /* Main.storyboard */,
				8310EC58263E9B55008846B6 /* Assets.xcassets */,
				8310EC5A263E9B55008846B6 /* LaunchScreen.storyboard */,
				8310EC5D263E9B55008846B6 /* Info.plist */,
			);
			path = AutoLayOutstart;
			sourceTree = "<group>";
		};
		8310EC65263E9B56008846B6 /* AutoLayOutstartTests */ = {
			isa = PBXGroup;
			children = (
				8310EC66263E9B56008846B6 /* AutoLayOutstartTests.swift */,
				8310EC68263E9B56008846B6 /* Info.plist */,
			);
			path = AutoLayOutstartTests;
			sourceTree = "<group>";
		};
		8310EC70263E9B56008846B6 /* AutoLayOutstartUITests */ = {
			isa = PBXGroup;
			children = (
				8310EC71263E9B56008846B6 /* AutoLayOutstartUITests.swift */,
				8310EC73263E9B56008846B6 /* Info.plist */,
			);
			path = AutoLayOutstartUITests;
			sourceTree = "<group>";
		};
/* End PBXGroup section */

/* Begin PBXNativeTarget section */
		8310EC4B263E9B54008846B6 /* AutoLayOutstart */ = {
			isa = PBXNativeTarget;
			buildConfigurationList = 8310EC76263E9B56008846B6 /* Build configuration list for PBXNativeTarget "AutoLayOutstart" */;
			buildPhases = (
				8310EC48263E9B54008846B6 /* Sources */,
				8310EC49263E9B54008846B6 /* Frameworks */,
				8310EC4A263E9B54008846B6 /* Resources */,
			);
			buildRules = (
			);
			dependencies = (
			);
			name = AutoLayOutstart;
			productName = AutoLayOutstart;
			productReference = 8310EC4C263E9B54008846B6 /* AutoLayOutstart.app */;
			productType = "com.apple.product-type.application";
		};
		8310EC61263E9B56008846B6 /* AutoLayOutstartTests */ = {
			isa = PBXNativeTarget;
			buildConfigurationList = 8310EC79263E9B56008846B6 /* Build configuration list for PBXNativeTarget "AutoLayOutstartTests" */;
			buildPhases = (
				8310EC5E263E9B56008846B6 /* Sources */,
				8310EC5F263E9B56008846B6 /* Frameworks */,
				8310EC60263E9B56008846B6 /* Resources */,
			);
			buildRules = (
			);
			dependencies = (
				8310EC64263E9B56008846B6 /* PBXTargetDependency */,
			);
			name = AutoLayOutstartTests;
			productName = AutoLayOutstartTests;
			productReference = 8310EC62263E9B56008846B6 /* AutoLayOutstartTests.xctest */;
			productType = "com.apple.product-type.bundle.unit-test";
		};
		8310EC6C263E9B56008846B6 /* AutoLayOutstartUITests */ = {
			isa = PBXNativeTarget;
			buildConfigurationList = 8310EC7C263E9B56008846B6 /* Build configuration list for PBXNativeTarget "AutoLayOutstartUITests" */;
			buildPhases = (
				8310EC69263E9B56008846B6 /* Sources */,
				8310EC6A263E9B56008846B6 /* Frameworks */,
				8310EC6B263E9B56008846B6 /* Resources */,
			);
			buildRules = (
			);
			dependencies = (
				8310EC6F263E9B56008846B6 /* PBXTargetDependency */,
			);
			name = AutoLayOutstartUITests;
			productName = AutoLayOutstartUITests;
			productReference = 8310EC6D263E9B56008846B6 /* AutoLayOutstartUITests.xctest */;
			productType = "com.apple.product-type.bundle.ui-testing";
		};
/* End PBXNativeTarget section */

/* Begin PBXProject section */
		8310EC44263E9B54008846B6 /* Project object */ = {
			isa = PBXProject;
			attributes = {
				LastSwiftUpdateCheck = 1240;
				LastUpgradeCheck = 1240;
				TargetAttributes = {
					8310EC4B263E9B54008846B6 = {
						CreatedOnToolsVersion = 12.4;
					};
					8310EC61263E9B56008846B6 = {
						CreatedOnToolsVersion = 12.4;
						TestTargetID = 8310EC4B263E9B54008846B6;
					};
					8310EC6C263E9B56008846B6 = {
						CreatedOnToolsVersion = 12.4;
						TestTargetID = 8310EC4B263E9B54008846B6;
					};
				};
			};
			buildConfigurationList = 8310EC47263E9B54008846B6 /* Build configuration list for PBXProject "AutoLayOutstart" */;
			compatibilityVersion = "Xcode 9.3";
			developmentRegion = en;
			hasScannedForEncodings = 0;
			knownRegions = (
				en,
				Base,
			);
			mainGroup = 8310EC43263E9B54008846B6;
			productRefGroup = 8310EC4D263E9B54008846B6 /* Products */;
			projectDirPath = "";
			projectRoot = "";
			targets = (
				8310EC4B263E9B54008846B6 /* AutoLayOutstart */,
				8310EC61263E9B56008846B6 /* AutoLayOutstartTests */,
				8310EC6C263E9B56008846B6 /* AutoLayOutstartUITests */,
			);
		};
/* End PBXProject section */

/* Begin PBXResourcesBuildPhase section */
		8310EC4A263E9B54008846B6 /* Resources */ = {
			isa = PBXResourcesBuildPhase;
			buildActionMask = 2147483647;
			files = (
				8310EC5C263E9B55008846B6 /* LaunchScreen.storyboard in Resources */,
				8310EC59263E9B55008846B6 /* Assets.xcassets in Resources */,
				8310EC57263E9B54008846B6 /* Main.storyboard in Resources */,
			);
			runOnlyForDeploymentPostprocessing = 0;
		};
		8310EC60263E9B56008846B6 /* Resources */ = {
			isa = PBXResourcesBuildPhase;
			buildActionMask = 2147483647;
			files = (
			);
			runOnlyForDeploymentPostprocessing = 0;
		};
		8310EC6B263E9B56008846B6 /* Resources */ = {
			isa = PBXResourcesBuildPhase;
			buildActionMask = 2147483647;
			files = (
			);
			runOnlyForDeploymentPostprocessing = 0;
		};
/* End PBXResourcesBuildPhase section */

/* Begin PBXSourcesBuildPhase section */
		8310EC48263E9B54008846B6 /* Sources */ = {
			isa = PBXSourcesBuildPhase;
			buildActionMask = 2147483647;
			files = (
				8310EC54263E9B54008846B6 /* ViewController.swift in Sources */,
				8310EC50263E9B54008846B6 /* AppDelegate.swift in Sources */,
				8310EC52263E9B54008846B6 /* SceneDelegate.swift in Sources */,
			);
			runOnlyForDeploymentPostprocessing = 0;
		};
		8310EC5E263E9B56008846B6 /* Sources */ = {
			isa = PBXSourcesBuildPhase;
			buildActionMask = 2147483647;
			files = (
				8310EC67263E9B56008846B6 /* AutoLayOutstartTests.swift in Sources */,
			);
			runOnlyForDeploymentPostprocessing = 0;
		};
		8310EC69263E9B56008846B6 /* Sources */ = {
			isa = PBXSourcesBuildPhase;
			buildActionMask = 2147483647;
			files = (
				8310EC72263E9B56008846B6 /* AutoLayOutstartUITests.swift in Sources */,
			);
			runOnlyForDeploymentPostprocessing = 0;
		};
/* End PBXSourcesBuildPhase section */

/* Begin PBXTargetDependency section */
		8310EC64263E9B56008846B6 /* PBXTargetDependency */ = {
			isa = PBXTargetDependency;
			target = 8310EC4B263E9B54008846B6 /* AutoLayOutstart */;
			targetProxy = 8310EC63263E9B56008846B6 /* PBXContainerItemProxy */;
		};
		8310EC6F263E9B56008846B6 /* PBXTargetDependency */ = {
			isa = PBXTargetDependency;
			target = 8310EC4B263E9B54008846B6 /* AutoLayOutstart */;
			targetProxy = 8310EC6E263E9B56008846B6 /* PBXContainerItemProxy */;
		};
/* End PBXTargetDependency section */

/* Begin PBXVariantGroup section */
		8310EC55263E9B54008846B6 /* Main.storyboard */ = {
			isa = PBXVariantGroup;
			children = (
				8310EC56263E9B54008846B6 /* Base */,
			);
			name = Main.storyboard;
			sourceTree = "<group>";
		};
		8310EC5A263E9B55008846B6 /* LaunchScreen.storyboard */ = {
			isa = PBXVariantGroup;
			children = (
				8310EC5B263E9B55008846B6 /* Base */,
			);
			name = LaunchScreen.storyboard;
			sourceTree = "<group>";
		};
/* End PBXVariantGroup section */

/* Begin XCBuildConfiguration section */
		8310EC74263E9B56008846B6 /* Debug */ = {
			isa = XCBuildConfiguration;
			buildSettings = {
				ALWAYS_SEARCH_USER_PATHS = NO;
				CLANG_ANALYZER_NONNULL = YES;
				CLANG_ANALYZER_NUMBER_OBJECT_CONVERSION = YES_AGGRESSIVE;
				CLANG_CXX_LANGUAGE_STANDARD = "gnu++14";
				CLANG_CXX_LIBRARY = "libc++";
				CLANG_ENABLE_MODULES = YES;
				CLANG_ENABLE_OBJC_ARC = YES;
				CLANG_ENABLE_OBJC_WEAK = YES;
				CLANG_WARN_BLOCK_CAPTURE_AUTORELEASING = YES;
				CLANG_WARN_BOOL_CONVERSION = YES;
				CLANG_WARN_COMMA = YES;
				CLANG_WARN_CONSTANT_CONVERSION = YES;
				CLANG_WARN_DEPRECATED_OBJC_IMPLEMENTATIONS = YES;
				CLANG_WARN_DIRECT_OBJC_ISA_USAGE = YES_ERROR;
				CLANG_WARN_DOCUMENTATION_COMMENTS = YES;
				CLANG_WARN_EMPTY_BODY = YES;
				CLANG_WARN_ENUM_CONVERSION = YES;
				CLANG_WARN_INFINITE_RECURSION = YES;
				CLANG_WARN_INT_CONVERSION = YES;
				CLANG_WARN_NON_LITERAL_NULL_CONVERSION = YES;
				CLANG_WARN_OBJC_IMPLICIT_RETAIN_SELF = YES;
				CLANG_WARN_OBJC_LITERAL_CONVERSION = YES;
				CLANG_WARN_OBJC_ROOT_CLASS = YES_ERROR;
				CLANG_WARN_QUOTED_INCLUDE_IN_FRAMEWORK_HEADER = YES;
				CLANG_WARN_RANGE_LOOP_ANALYSIS = YES;
				CLANG_WARN_STRICT_PROTOTYPES = YES;
				CLANG_WARN_SUSPICIOUS_MOVE = YES;
				CLANG_WARN_UNGUARDED_AVAILABILITY = YES_AGGRESSIVE;
				CLANG_WARN_UNREACHABLE_CODE = YES;
				CLANG_WARN__DUPLICATE_METHOD_MATCH = YES;
				COPY_PHASE_STRIP = NO;
				DEBUG_INFORMATION_FORMAT = dwarf;
				ENABLE_STRICT_OBJC_MSGSEND = YES;
				ENABLE_TESTABILITY = YES;
				GCC_C_LANGUAGE_STANDARD = gnu11;
				GCC_DYNAMIC_NO_PIC = NO;
				GCC_NO_COMMON_BLOCKS = YES;
				GCC_OPTIMIZATION_LEVEL = 0;
				GCC_PREPROCESSOR_DEFINITIONS = (
					"DEBUG=1",
					"$(inherited)",
				);
				GCC_WARN_64_TO_32_BIT_CONVERSION = YES;
				GCC_WARN_ABOUT_RETURN_TYPE = YES_ERROR;
				GCC_WARN_UNDECLARED_SELECTOR = YES;
				GCC_WARN_UNINITIALIZED_AUTOS = YES_AGGRESSIVE;
				GCC_WARN_UNUSED_FUNCTION = YES;
				GCC_WARN_UNUSED_VARIABLE = YES;
				IPHONEOS_DEPLOYMENT_TARGET = 14.4;
				MTL_ENABLE_DEBUG_INFO = INCLUDE_SOURCE;
				MTL_FAST_MATH = YES;
				ONLY_ACTIVE_ARCH = YES;
				SDKROOT = iphoneos;
				SWIFT_ACTIVE_COMPILATION_CONDITIONS = DEBUG;
				SWIFT_OPTIMIZATION_LEVEL = "-Onone";
			};
			name = Debug;
		};
		8310EC75263E9B56008846B6 /* Release */ = {
			isa = XCBuildConfiguration;
			buildSettings = {
				ALWAYS_SEARCH_USER_PATHS = NO;
				CLANG_ANALYZER_NONNULL = YES;
				CLANG_ANALYZER_NUMBER_OBJECT_CONVERSION = YES_AGGRESSIVE;
				CLANG_CXX_LANGUAGE_STANDARD = "gnu++14";
				CLANG_CXX_LIBRARY = "libc++";
				CLANG_ENABLE_MODULES = YES;
				CLANG_ENABLE_OBJC_ARC = YES;
				CLANG_ENABLE_OBJC_WEAK = YES;
				CLANG_WARN_BLOCK_CAPTURE_AUTORELEASING = YES;
				CLANG_WARN_BOOL_CONVERSION = YES;
				CLANG_WARN_COMMA = YES;
				CLANG_WARN_CONSTANT_CONVERSION = YES;
				CLANG_WARN_DEPRECATED_OBJC_IMPLEMENTATIONS = YES;
				CLANG_WARN_DIRECT_OBJC_ISA_USAGE = YES_ERROR;
				CLANG_WARN_DOCUMENTATION_COMMENTS = YES;
				CLANG_WARN_EMPTY_BODY = YES;
				CLANG_WARN_ENUM_CONVERSION = YES;
				CLANG_WARN_INFINITE_RECURSION = YES;
				CLANG_WARN_INT_CONVERSION = YES;
				CLANG_WARN_NON_LITERAL_NULL_CONVERSION = YES;
				CLANG_WARN_OBJC_IMPLICIT_RETAIN_SELF = YES;
				CLANG_WARN_OBJC_LITERAL_CONVERSION = YES;
				CLANG_WARN_OBJC_ROOT_CLASS = YES_ERROR;
				CLANG_WARN_QUOTED_INCLUDE_IN_FRAMEWORK_HEADER = YES;
				CLANG_WARN_RANGE_LOOP_ANALYSIS = YES;
				CLANG_WARN_STRICT_PROTOTYPES = YES;
				CLANG_WARN_SUSPICIOUS_MOVE = YES;
				CLANG_WARN_UNGUARDED_AVAILABILITY = YES_AGGRESSIVE;
				CLANG_WARN_UNREACHABLE_CODE = YES;
				CLANG_WARN__DUPLICATE_METHOD_MATCH = YES;
				COPY_PHASE_STRIP = NO;
				DEBUG_INFORMATION_FORMAT = "dwarf-with-dsym";
				ENABLE_NS_ASSERTIONS = NO;
				ENABLE_STRICT_OBJC_MSGSEND = YES;
				GCC_C_LANGUAGE_STANDARD = gnu11;
				GCC_NO_COMMON_BLOCKS = YES;
				GCC_WARN_64_TO_32_BIT_CONVERSION = YES;
				GCC_WARN_ABOUT_RETURN_TYPE = YES_ERROR;
				GCC_WARN_UNDECLARED_SELECTOR = YES;
				GCC_WARN_UNINITIALIZED_AUTOS = YES_AGGRESSIVE;
				GCC_WARN_UNUSED_FUNCTION = YES;
				GCC_WARN_UNUSED_VARIABLE = YES;
				IPHONEOS_DEPLOYMENT_TARGET = 14.4;
				MTL_ENABLE_DEBUG_INFO = NO;
				MTL_FAST_MATH = YES;
				SDKROOT = iphoneos;
				SWIFT_COMPILATION_MODE = wholemodule;
				SWIFT_OPTIMIZATION_LEVEL = "-O";
				VALIDATE_PRODUCT = YES;
			};
			name = Release;
		};
		8310EC77263E9B56008846B6 /* Debug */ = {
			isa = XCBuildConfiguration;
			buildSettings = {
				ASSETCATALOG_COMPILER_APPICON_NAME = AppIcon;
				ASSETCATALOG_COMPILER_GLOBAL_ACCENT_COLOR_NAME = AccentColor;
				CODE_SIGN_STYLE = Automatic;
				INFOPLIST_FILE = AutoLayOutstart/Info.plist;
				LD_RUNPATH_SEARCH_PATHS = (
					"$(inherited)",
					"@executable_path/Frameworks",
				);
				PRODUCT_BUNDLE_IDENTIFIER = koki.AutoLayOutstart;
				PRODUCT_NAME = "$(TARGET_NAME)";
				SWIFT_VERSION = 5.0;
				TARGETED_DEVICE_FAMILY = "1,2";
			};
			name = Debug;
		};
		8310EC78263E9B56008846B6 /* Release */ = {
			isa = XCBuildConfiguration;
			buildSettings = {
				ASSETCATALOG_COMPILER_APPICON_NAME = AppIcon;
				ASSETCATALOG_COMPILER_GLOBAL_ACCENT_COLOR_NAME = AccentColor;
				CODE_SIGN_STYLE = Automatic;
				INFOPLIST_FILE = AutoLayOutstart/Info.plist;
				LD_RUNPATH_SEARCH_PATHS = (
					"$(inherited)",
					"@executable_path/Frameworks",
				);
				PRODUCT_BUNDLE_IDENTIFIER = koki.AutoLayOutstart;
				PRODUCT_NAME = "$(TARGET_NAME)";
				SWIFT_VERSION = 5.0;
				TARGETED_DEVICE_FAMILY = "1,2";
			};
			name = Release;
		};
		8310EC7A263E9B56008846B6 /* Debug */ = {
			isa = XCBuildConfiguration;
			buildSettings = {
				ALWAYS_EMBED_SWIFT_STANDARD_LIBRARIES = YES;
				BUNDLE_LOADER = "$(TEST_HOST)";
				CODE_SIGN_STYLE = Automatic;
				INFOPLIST_FILE = AutoLayOutstartTests/Info.plist;
				IPHONEOS_DEPLOYMENT_TARGET = 14.4;
				LD_RUNPATH_SEARCH_PATHS = (
					"$(inherited)",
					"@executable_path/Frameworks",
					"@loader_path/Frameworks",
				);
				PRODUCT_BUNDLE_IDENTIFIER = koki.AutoLayOutstartTests;
				PRODUCT_NAME = "$(TARGET_NAME)";
				SWIFT_VERSION = 5.0;
				TARGETED_DEVICE_FAMILY = "1,2";
				TEST_HOST = "$(BUILT_PRODUCTS_DIR)/AutoLayOutstart.app/AutoLayOutstart";
			};
			name = Debug;
		};
		8310EC7B263E9B56008846B6 /* Release */ = {
			isa = XCBuildConfiguration;
			buildSettings = {
				ALWAYS_EMBED_SWIFT_STANDARD_LIBRARIES = YES;
				BUNDLE_LOADER = "$(TEST_HOST)";
				CODE_SIGN_STYLE = Automatic;
				INFOPLIST_FILE = AutoLayOutstartTests/Info.plist;
				IPHONEOS_DEPLOYMENT_TARGET = 14.4;
				LD_RUNPATH_SEARCH_PATHS = (
					"$(inherited)",
					"@executable_path/Frameworks",
					"@loader_path/Frameworks",
				);
				PRODUCT_BUNDLE_IDENTIFIER = koki.AutoLayOutstartTests;
				PRODUCT_NAME = "$(TARGET_NAME)";
				SWIFT_VERSION = 5.0;
				TARGETED_DEVICE_FAMILY = "1,2";
				TEST_HOST = "$(BUILT_PRODUCTS_DIR)/AutoLayOutstart.app/AutoLayOutstart";
			};
			name = Release;
		};
		8310EC7D263E9B56008846B6 /* Debug */ = {
			isa = XCBuildConfiguration;
			buildSettings = {
				ALWAYS_EMBED_SWIFT_STANDARD_LIBRARIES = YES;
				CODE_SIGN_STYLE = Automatic;
				INFOPLIST_FILE = AutoLayOutstartUITests/Info.plist;
				LD_RUNPATH_SEARCH_PATHS = (
					"$(inherited)",
					"@executable_path/Frameworks",
					"@loader_path/Frameworks",
				);
				PRODUCT_BUNDLE_IDENTIFIER = koki.AutoLayOutstartUITests;
				PRODUCT_NAME = "$(TARGET_NAME)";
				SWIFT_VERSION = 5.0;
				TARGETED_DEVICE_FAMILY = "1,2";
				TEST_TARGET_NAME = AutoLayOutstart;
			};
			name = Debug;
		};
		8310EC7E263E9B56008846B6 /* Release */ = {
			isa = XCBuildConfiguration;
			buildSettings = {
				ALWAYS_EMBED_SWIFT_STANDARD_LIBRARIES = YES;
				CODE_SIGN_STYLE = Automatic;
				INFOPLIST_FILE = AutoLayOutstartUITests/Info.plist;
				LD_RUNPATH_SEARCH_PATHS = (
					"$(inherited)",
					"@executable_path/Frameworks",
					"@loader_path/Frameworks",
				);
				PRODUCT_BUNDLE_IDENTIFIER = koki.AutoLayOutstartUITests;
				PRODUCT_NAME = "$(TARGET_NAME)";
				SWIFT_VERSION = 5.0;
				TARGETED_DEVICE_FAMILY = "1,2";
				TEST_TARGET_NAME = AutoLayOutstart;
			};
			name = Release;
		};
/* End XCBuildConfiguration section */

/* Begin XCConfigurationList section */
		8310EC47263E9B54008846B6 /* Build configuration list for PBXProject "AutoLayOutstart" */ = {
			isa = XCConfigurationList;
			buildConfigurations = (
				8310EC74263E9B56008846B6 /* Debug */,
				8310EC75263E9B56008846B6 /* Release */,
			);
			defaultConfigurationIsVisible = 0;
			defaultConfigurationName = Release;
		};
		8310EC76263E9B56008846B6 /* Build configuration list for PBXNativeTarget "AutoLayOutstart" */ = {
			isa = XCConfigurationList;
			buildConfigurations = (
				8310EC77263E9B56008846B6 /* Debug */,
				8310EC78263E9B56008846B6 /* Release */,
			);
			defaultConfigurationIsVisible = 0;
			defaultConfigurationName = Release;
		};
		8310EC79263E9B56008846B6 /* Build configuration list for PBXNativeTarget "AutoLayOutstartTests" */ = {
			isa = XCConfigurationList;
			buildConfigurations = (
				8310EC7A263E9B56008846B6 /* Debug */,
				8310EC7B263E9B56008846B6 /* Release */,
			);
			defaultConfigurationIsVisible = 0;
			defaultConfigurationName = Release;
		};
		8310EC7C263E9B56008846B6 /* Build configuration list for PBXNativeTarget "AutoLayOutstartUITests" */ = {
			isa = XCConfigurationList;
			buildConfigurations = (
				8310EC7D263E9B56008846B6 /* Debug */,
				8310EC7E263E9B56008846B6 /* Release */,
			);
			defaultConfigurationIsVisible = 0;
			defaultConfigurationName = Release;
		};
/* End XCConfigurationList section */
	};
	rootObject = 8310EC44263E9B54008846B6 /* Project object */;
}
